
Microsoft Visual Studio Solution File, Format Version 11.00
# Visual Studio 2010
# SharpDevelop 4.3
Project("{FAE04EC0-301F-11D3-BF4B-00C04F79EFBC}") = "ThriftServer", "ThriftServer\ThriftServer.csproj", "{76FA2945-6237-4228-ACA9-EFC9E873C9A7}"
EndProject
Global
	GlobalSection(SolutionConfigurationPlatforms) = preSolution
		Debug|Any CPU = Debug|Any CPU
		Release|Any CPU = Release|Any CPU
	EndGlobalSection
	GlobalSection(ProjectConfigurationPlatforms) = postSolution
		{76FA2945-6237-4228-ACA9-EFC9E873C9A7}.Debug|Any CPU.Build.0 = Debug|Any CPU
		{76FA2945-6237-4228-ACA9-EFC9E873C9A7}.Debug|Any CPU.ActiveCfg = Debug|Any CPU
		{76FA2945-6237-4228-ACA9-EFC9E873C9A7}.Release|Any CPU.Build.0 = Release|Any CPU
		{76FA2945-6237-4228-ACA9-EFC9E873C9A7}.Release|Any CPU.ActiveCfg = Release|Any CPU
	EndGlobalSection
EndGlobal
